
Microsoft Visual Studio Solution File, Format Version 12.00
# Visual Studio Version 17
VisualStudioVersion = 17.7.34202.233
MinimumVisualStudioVersion = 10.0.40219.1
Project("{9A19103F-16F7-4668-BE54-9A1E7A4F7556}") = "api", "api\api.csproj", "{91658271-708D-48DC-B5E3-9A17329FB857}"
EndProject
Project("{FAE04EC0-301F-11D3-BF4B-00C04F79EFBC}") = "ApiTest", "ApiTest\ApiTest.csproj", "{23849F03-957A-4C2C-A11C-D44DBB16475B}"
EndProject
Global
	GlobalSection(SolutionConfigurationPlatforms) = preSolution
		Debug|Any CPU = Debug|Any CPU
		Release|Any CPU = Release|Any CPU
	EndGlobalSection
	GlobalSection(ProjectConfigurationPlatforms) = postSolution
		{91658271-708D-48DC-B5E3-9A17329FB857}.Debug|Any CPU.ActiveCfg = Debug|Any CPU
		{91658271-708D-48DC-B5E3-9A17329FB857}.Debug|Any CPU.Build.0 = Debug|Any CPU
		{91658271-708D-48DC-B5E3-9A17329FB857}.Release|Any CPU.ActiveCfg = Release|Any CPU
		{91658271-708D-48DC-B5E3-9A17329FB857}.Release|Any CPU.Build.0 = Release|Any CPU
		{23849F03-957A-4C2C-A11C-D44DBB16475B}.Debug|Any CPU.ActiveCfg = Debug|Any CPU
		{23849F03-957A-4C2C-A11C-D44DBB16475B}.Debug|Any CPU.Build.0 = Debug|Any CPU
		{23849F03-957A-4C2C-A11C-D44DBB16475B}.Release|Any CPU.ActiveCfg = Release|Any CPU
		{23849F03-957A-4C2C-A11C-D44DBB16475B}.Release|Any CPU.Build.0 = Release|Any CPU
	EndGlobalSection
	GlobalSection(SolutionProperties) = preSolution
		HideSolutionNode = FALSE
	EndGlobalSection
	GlobalSection(ExtensibilityGlobals) = postSolution
		SolutionGuid = {532F9193-FF85-406F-A2F1-1E91F04C154D}
	EndGlobalSection
EndGlobal
